
Microsoft Visual Studio Solution File, Format Version 12.00
Project("{FAE04EC0-301F-11D3-BF4B-00C04F79EFBC}") = "Homework_4", "Homework_4.csproj", "{C90A9B33-BB28-4CF7-988F-7C14B6F023CE}"
EndProject
Global
	GlobalSection(SolutionConfigurationPlatforms) = preSolution
		Debug|Any CPU = Debug|Any CPU
		Release|Any CPU = Release|Any CPU
	EndGlobalSection
	GlobalSection(ProjectConfigurationPlatforms) = postSolution
		{C90A9B33-BB28-4CF7-988F-7C14B6F023CE}.Debug|Any CPU.ActiveCfg = Debug|Any CPU
		{C90A9B33-BB28-4CF7-988F-7C14B6F023CE}.Debug|Any CPU.Build.0 = Debug|Any CPU
		{C90A9B33-BB28-4CF7-988F-7C14B6F023CE}.Release|Any CPU.ActiveCfg = Release|Any CPU
		{C90A9B33-BB28-4CF7-988F-7C14B6F023CE}.Release|Any CPU.Build.0 = Release|Any CPU
	EndGlobalSection
EndGlobal
